
Microsoft Visual Studio Solution File, Format Version 12.00
Project("{FAE04EC0-301F-11D3-BF4B-00C04F79EFBC}") = "RTC.ProtoGrpc", "Grpc\RTC.ProtoGrpc\RTC.ProtoGrpc.csproj", "{EBCEFCB9-27DE-4757-810F-92C6693AFBCC}"
EndProject
Project("{FAE04EC0-301F-11D3-BF4B-00C04F79EFBC}") = "RTC.ServerUtility", "RTC.ServerUtility\RTC.ServerUtility.csproj", "{8343C37D-2229-4A5A-8064-D430E50BDA5A}"
EndProject
Project("{FAE04EC0-301F-11D3-BF4B-00C04F79EFBC}") = "RTC.XNet", "RTC.XNet\RTC.XNet.csproj", "{6FEDA5E9-4FC2-46CD-ADFD-12BECEFACAD8}"
EndProject
Project("{2150E333-8FDC-42A3-9474-1A3956D46DE8}") = "library", "library", "{9B134963-A695-4FAC-940B-EA53DDD7375D}"
EndProject
Project("{2150E333-8FDC-42A3-9474-1A3956D46DE8}") = "servers", "servers", "{AE90640B-64D2-4811-AA49-39A52D8835ED}"
EndProject
Project("{FAE04EC0-301F-11D3-BF4B-00C04F79EFBC}") = "SignalServer", "SignalServer\SignalServer.csproj", "{87971482-31C5-4923-B764-9B231FC630FE}"
EndProject
Project("{FAE04EC0-301F-11D3-BF4B-00C04F79EFBC}") = "SessionServer", "SessionServer\SessionServer.csproj", "{1BE9AFFF-E387-4E74-BD5B-B28FF31460EF}"
EndProject
Project("{FAE04EC0-301F-11D3-BF4B-00C04F79EFBC}") = "LoginServer", "LoginServer\LoginServer.csproj", "{B5E602FA-7CEB-49C4-9DE6-E979CCF82AA4}"
EndProject
Global
	GlobalSection(SolutionConfigurationPlatforms) = preSolution
		Debug|Any CPU = Debug|Any CPU
		Release|Any CPU = Release|Any CPU
	EndGlobalSection
	GlobalSection(ProjectConfigurationPlatforms) = postSolution
		{EBCEFCB9-27DE-4757-810F-92C6693AFBCC}.Debug|Any CPU.ActiveCfg = Debug|Any CPU
		{EBCEFCB9-27DE-4757-810F-92C6693AFBCC}.Debug|Any CPU.Build.0 = Debug|Any CPU
		{EBCEFCB9-27DE-4757-810F-92C6693AFBCC}.Release|Any CPU.ActiveCfg = Release|Any CPU
		{EBCEFCB9-27DE-4757-810F-92C6693AFBCC}.Release|Any CPU.Build.0 = Release|Any CPU
		{8343C37D-2229-4A5A-8064-D430E50BDA5A}.Debug|Any CPU.ActiveCfg = Debug|Any CPU
		{8343C37D-2229-4A5A-8064-D430E50BDA5A}.Debug|Any CPU.Build.0 = Debug|Any CPU
		{8343C37D-2229-4A5A-8064-D430E50BDA5A}.Release|Any CPU.ActiveCfg = Release|Any CPU
		{8343C37D-2229-4A5A-8064-D430E50BDA5A}.Release|Any CPU.Build.0 = Release|Any CPU
		{6FEDA5E9-4FC2-46CD-ADFD-12BECEFACAD8}.Debug|Any CPU.ActiveCfg = Debug|Any CPU
		{6FEDA5E9-4FC2-46CD-ADFD-12BECEFACAD8}.Debug|Any CPU.Build.0 = Debug|Any CPU
		{6FEDA5E9-4FC2-46CD-ADFD-12BECEFACAD8}.Release|Any CPU.ActiveCfg = Release|Any CPU
		{6FEDA5E9-4FC2-46CD-ADFD-12BECEFACAD8}.Release|Any CPU.Build.0 = Release|Any CPU
		{87971482-31C5-4923-B764-9B231FC630FE}.Debug|Any CPU.ActiveCfg = Debug|Any CPU
		{87971482-31C5-4923-B764-9B231FC630FE}.Debug|Any CPU.Build.0 = Debug|Any CPU
		{87971482-31C5-4923-B764-9B231FC630FE}.Release|Any CPU.ActiveCfg = Release|Any CPU
		{87971482-31C5-4923-B764-9B231FC630FE}.Release|Any CPU.Build.0 = Release|Any CPU
		{1BE9AFFF-E387-4E74-BD5B-B28FF31460EF}.Debug|Any CPU.ActiveCfg = Debug|Any CPU
		{1BE9AFFF-E387-4E74-BD5B-B28FF31460EF}.Debug|Any CPU.Build.0 = Debug|Any CPU
		{1BE9AFFF-E387-4E74-BD5B-B28FF31460EF}.Release|Any CPU.ActiveCfg = Release|Any CPU
		{1BE9AFFF-E387-4E74-BD5B-B28FF31460EF}.Release|Any CPU.Build.0 = Release|Any CPU
		{B5E602FA-7CEB-49C4-9DE6-E979CCF82AA4}.Debug|Any CPU.ActiveCfg = Debug|Any CPU
		{B5E602FA-7CEB-49C4-9DE6-E979CCF82AA4}.Debug|Any CPU.Build.0 = Debug|Any CPU
		{B5E602FA-7CEB-49C4-9DE6-E979CCF82AA4}.Release|Any CPU.ActiveCfg = Release|Any CPU
		{B5E602FA-7CEB-49C4-9DE6-E979CCF82AA4}.Release|Any CPU.Build.0 = Release|Any CPU
	EndGlobalSection
	GlobalSection(NestedProjects) = preSolution
		{EBCEFCB9-27DE-4757-810F-92C6693AFBCC} = {9B134963-A695-4FAC-940B-EA53DDD7375D}
		{8343C37D-2229-4A5A-8064-D430E50BDA5A} = {9B134963-A695-4FAC-940B-EA53DDD7375D}
		{6FEDA5E9-4FC2-46CD-ADFD-12BECEFACAD8} = {9B134963-A695-4FAC-940B-EA53DDD7375D}
		{87971482-31C5-4923-B764-9B231FC630FE} = {AE90640B-64D2-4811-AA49-39A52D8835ED}
		{1BE9AFFF-E387-4E74-BD5B-B28FF31460EF} = {AE90640B-64D2-4811-AA49-39A52D8835ED}
		{B5E602FA-7CEB-49C4-9DE6-E979CCF82AA4} = {AE90640B-64D2-4811-AA49-39A52D8835ED}
	EndGlobalSection
EndGlobal
